github.com/canonical/go-efilib v1.6.0 h1:0ZFcIclzoMBl6sAaHrSO98YVPUvKAPfXm6kjofhlHHw=
github.com/canonical/go-efilib v1.6.0/go.mod h1:n0Ttsy1JuHAvqaFbZBs6PAzoiiJdfkHsAmDOEbexYEQ=
github.com/canonical/go-sp800.108-kdf v0.0.0-20210315104021-ead800bbf9a0 h1:ZE2XMRFHcwlib3uU9is37+pKkkMloVoEPWmgQ6GK1yo=
github.com/canonical/go-sp800.108-kdf v0.0.0-20210315104021-ead800bbf9a0/go.mod h1:Zrs3YjJr+w51u0R/dyLh/oWt/EcBVdLPCVFYC4daW5s=
github.com/canonical/go-sp800.90a-drbg v0.0.0-20210314144037-6eeb1040d6c3 h1:oe6fCvaEpkhyW3qAicT0TnGtyht/UrgvOwMcEgLb7Aw=
github.com/canonical/go-sp800.90a-drbg v0.0.0-20210314144037-6eeb1040d6c3/go.mod h1:qdP0gaj0QtgX2RUZhnlVrceJ+Qln8aSlDyJwelLLFeM=
github.com/canonical/go-tpm2 v1.7.6 h1:9k9OAEEp9xKp4h2WJwfTUNivblJi4L5Wjx7Q/LkSTSQ=
github.com/canonical/go-tpm2 v1.7.6/go.mod h1:Dz0PQRmoYrmk/4BLILjRA+SFzuqEo1etAvYeAJiMhYU=
github.com/canonical/tcglog-parser v0.1.0 h1:82AwR10qd+7W4jRyzxMklpVXYB2QEN9R24WNi5ypffk=
github.com/canonical/tcglog-parser v0.1.0/go.mod h1:3JBczFFsFqNw3rRqBkaYpLI68Hl5OZiq95WpC5pjBE8=
github.com/creack/pty v1.1.9/go.mod h1:oKZEueFk5CKHvIhNR5MUki03XCEU+Q6VDXinZuGJ33E=
github.com/frankban/quicktest v1.2.2 h1:xfmOhhoH5fGPgbEAlhLpJH9p0z/0Qizio9osmvn9IUY=
github.com/frankban/quicktest v1.2.2/go.mod h1:Qh/WofXFeiAFII1aEBu529AtJo6Zg2VHscnEsbBnJ20=
github.com/godbus/dbus v4.1.0+incompatible h1:WqqLRTsQic3apZUK9qC5sGNfXthmPXzUZ7nQPrNITa4=
github.com/godbus/dbus v4.1.0+incompatible/go.mod h1:/YcGZj5zSblfDWMMoOzV4fas9FZnQYTkDnsGvmh2Grw=
github.com/google/go-cmp v0.2.1-0.20190312032427-6f77996f0c42/go.mod h1:8QqcDgzrUqlUb/G2PQTWiueGozuR1884gddMywk6iLU=
github.com/google/go-cmp v0.5.8 h1:e6P7q2lk1O+qJJb4BtCQXlK8vWEO8V1ZeuEdJNOqZyg=
github.com/google/go-cmp v0.5.8/go.mod h1:17dUlkBOakJ0+DkrSSNjCkIjxS6bF9zb3elmeNGIjoY=
github.com/juju/ratelimit v1.0.1 h1:+7AIFJVQ0EQgq/K9+0Krm7m530Du7tIz0METWzN0RgY=
github.com/juju/ratelimit v1.0.1/go.mod h1:qapgC/Gy+xNh9UxzV13HGGl/6UXNN+ct+vwSgWNm/qk=
github.com/knqyf263/go-deb-version v0.0.0-20230223133812-3ed183d23422 h1:PPPlUUqPP6fLudIK4n0l0VU4KT2cQGnheW9x8pNiCHI=
github.com/knqyf263/go-deb-version v0.0.0-20230223133812-3ed183d23422/go.mod h1:ijAmSS4jErO6+KRzcK6ixsm3Vt96hMhJ+W+x+VmbrQA=
github.com/kr/pretty v0.1.0/go.mod h1:dAy3ld7l9f0ibDNOQOHHMYYIIbhfbHSm3C4ZsoJORNo=
github.com/kr/pretty v0.2.1/go.mod h1:ipq/a2n7PKx3OHsz4KJII5eveXtPO4qwEXGdVfWzfnI=
github.com/kr/pretty v0.3.1 h1:flRD4NNwYAUpkphVc1HcthR4KEIFJ65n8Mw5qdRn3LE=
github.com/kr/pretty v0.3.1/go.mod h1:hoEshYVHaxMs3cyo3Yncou5ZscifuDolrwPKZanG3xk=
github.com/kr/pty v1.1.1/go.mod h1:pFQYn66WHrOpPYNljwOMqo10TkYh1fy3cYio2l3bCsQ=
github.com/kr/text v0.1.0/go.mod h1:4Jbv+DJW3UT/LiOwJeYQe1efqtUx/iVham/4vfdArNI=
github.com/kr/text v0.2.0 h1:5Nx0Ya0ZqY2ygV366QzturHI13Jq95ApcVaJBhpS+AY=
github.com/kr/text v0.2.0/go.mod h1:eLer722TekiGuMkidMxC/pM04lWEeraHUUmBw8l2grE=
github.com/mvo5/goconfigparser v0.0.0-20200803085309-72e476556adb h1:1I/JqsB+FffFssjcOeEP0popLhJ46+OwtXztJ/1DhM0=
github.com/mvo5/goconfigparser v0.0.0-20200803085309-72e476556adb/go.mod h1:xmt4k1xLDl8Tdan+0S/jmMK2uSUBSzTc18+5GN5Vea8=
github.com/pkg/diff v0.0.0-20210226163009-20ebb0f2a09e/go.mod h1:pJLUxLENpZxwdsKMEsNbx1VGcRFpLqf3715MtcvvzbA=
github.com/rogpeppe/clock v0.0.0-20190514195947-2896927a307a h1:3QH7VyOaaiUHNrA9Se4YQIRkDTCw1EJls9xTUCaCeRM=
github.com/rogpeppe/clock v0.0.0-20190514195947-2896927a307a/go.mod h1:4r5QyqhjIWCcK8DO4KMclc5Iknq5qVBAlbYYzAbUScQ=
github.com/rogpeppe/go-internal v1.9.0/go.mod h1:WtVeX8xhTBvf0smdhujwtBcq4Qrzq/fJaraNFVN+nFs=
github.com/rogpeppe/go-internal v1.11.0 h1:cWPaGQEPrBb5/AsnsZesgZZ9yb1OQ+GOISoDNXVBh4M=
github.com/rogpeppe/go-internal v1.11.0/go.mod h1:ddIwULY96R17DhadqLgMfk9H9tvdUzkipdSkR5nkCZA=
github.com/snapcore/bolt v1.3.2-0.20210908134111-63c8bfcf7af8 h1:WmyDfH38e3MaMWrMCO5YpW96BANq5Ti2iwbliM/xTW0=
github.com/snapcore/bolt v1.3.2-0.20210908134111-63c8bfcf7af8/go.mod h1:Z6z3sf12AMDjT/4tbT/PmzzdACAxkWGhkuKWiVpTWLM=
github.com/snapcore/go-gettext v0.0.0-20201130093759-38740d1bd3d2 h1:nETXPg0CiJrMAwC2gqkcam9BiBWYGvTsSYRfrjOz2Kg=
github.com/snapcore/go-gettext v0.0.0-20201130093759-38740d1bd3d2/go.mod h1:D3SsWAXK7wCCBZu+Vk5hc1EuKj/L3XN1puEMXTU4LrQ=
github.com/snapcore/secboot v0.0.0-20240411101434-f3ad7c92552a h1:yzzVi0yUosDYkjSQqGZNVtaVi+6yNFLiF0erKHlBbdo=
github.com/snapcore/secboot v0.0.0-20240411101434-f3ad7c92552a/go.mod h1:72paVOkm4sJugXt+v9ItmnjXgO921D8xqsbH2OekouY=
github.com/snapcore/snapd v0.0.0-20240321202327-b749eda44d9f h1:ck/E3kM2clbfd0khPd4MR7aXO3ZvKHzim4+Z3uKPVsY=
github.com/snapcore/snapd v0.0.0-20240321202327-b749eda44d9f/go.mod h1:fNxLckWb4/vy0xM4i7edcRh0+PlqoEL59Pyk6QcG7us=
github.com/spf13/afero v1.15.0 h1:b/YBCLWAJdFWJTN9cLhiXXcD7mzKn9Dm86dNnfyQw1I=
github.com/spf13/afero v1.15.0/go.mod h1:NC2ByUVxtQs4b3sIUphxK0NioZnmxgyCrfzeuq8lxMg=
go.mozilla.org/pkcs7 v0.0.0-20210826202110-33d05740a352 h1:CCriYyAfq1Br1aIYettdHZTy8mBTIPo7We18TuO/bak=
go.mozilla.org/pkcs7 v0.0.0-20210826202110-33d05740a352/go.mod h1:SNgMg+EgDFwmvSmLRTNKC5fegJjB7v23qTQ0XLGUNHk=
golang.org/x/crypto v0.45.0 h1:jMBrvKuj23MTlT0bQEOBcAE0mjg8mK9RXFhRH6nyF3Q=
golang.org/x/crypto v0.45.0/go.mod h1:XTGrrkGJve7CYK7J8PEww4aY7gM3qMCElcJQ8n8JdX4=
golang.org/x/exp v0.0.0-20240416160154-fe59bbe5cc7f h1:99ci1mjWVBWwJiEKYY6jWa4d2nTQVIEhZIptnrVb1XY=
golang.org/x/exp v0.0.0-20240416160154-fe59bbe5cc7f/go.mod h1:/lliqkxwWAhPjf5oSOIJup2XcqJaw8RGS6k3TGEc7GI=
golang.org/x/net v0.47.0 h1:Mx+4dIFzqraBXUugkia1OOvlD6LemFo1ALMHjrXDOhY=
golang.org/x/net v0.47.0/go.mod h1:/jNxtkgq5yWUGYkaZGqo27cfGZ1c5Nen03aYrrKpVRU=
golang.org/x/sys v0.38.0 h1:3yZWxaJjBmCWXqhN1qh02AkOnCQ1poK6oF+a7xWL6Gc=
golang.org/x/sys v0.38.0/go.mod h1:OgkHotnGiDImocRcuBABYBEXf8A9a87e/uXjp9XT3ks=
golang.org/x/term v0.37.0 h1:8EGAD0qCmHYZg6J17DvsMy9/wJ7/D/4pV/wfnld5lTU=
golang.org/x/term v0.37.0/go.mod h1:5pB4lxRNYYVZuTLmy8oR2BH8dflOR+IbTYFD8fi3254=
golang.org/x/text v0.34.0 h1:oL/Qq0Kdaqxa1KbNeMKwQq0reLCCaFtqu2eNuSeNHbk=
golang.org/x/text v0.34.0/go.mod h1:homfLqTYRFyVYemLBFl5GgL/DWEiH5wcsQ5gSh1yziA=
golang.org/x/xerrors v0.0.0-20200804184101-5ec99f83aff1/go.mod h1:I/5z698sn9Ka8TeJc9MKroUUfqBBauWjQqLJ2OPfmY0=
golang.org/x/xerrors v0.0.0-20231012003039-104605ab7028 h1:+cNy6SZtPcJQH3LJVLOSmiC7MMxXNOb3PU/VUEz+EhU=
golang.org/x/xerrors v0.0.0-20231012003039-104605ab7028/go.mod h1:NDW/Ps6MPRej6fsCIbMTohpP40sJ/P/vI1MoTEGwX90=
gopkg.in/check.v1 v0.0.0-20161208181325-20d25e280405/go.mod h1:Co6ibVJAznAaIkqp8huTwlJQCZ016jof/cbN4VW5Yz0=
gopkg.in/check.v1 v1.0.0-20201130134442-10cb98267c6c h1:Hei/4ADfdWqJk1ZMxUNpqntNwaWcugrBjAiHlqqRiVk=
gopkg.in/check.v1 v1.0.0-20201130134442-10cb98267c6c/go.mod h1:JHkPIbrfpd72SG/EVd6muEfDQjcINNoR0C8j2r3qZ4Q=
gopkg.in/macaroon.v1 v1.0.0-20150121114231-ab3940c6c165 h1:85xqOSyTpSzplW7fyO9bOZpSsemJc9UKzEQR2L4k32k=
gopkg.in/macaroon.v1 v1.0.0-20150121114231-ab3940c6c165/go.mod h1:PABpHZvxAbIuSYTPWJdQsNu0mtx+HX/1NIm3IT95IX0=
gopkg.in/retry.v1 v1.0.3 h1:a9CArYczAVv6Qs6VGoLMio99GEs7kY9UzSF9+LD+iGs=
gopkg.in/retry.v1 v1.0.3/go.mod h1:FJkXmWiMaAo7xB+xhvDF59zhfjDWyzmyAxiT4dB688g=
gopkg.in/tomb.v2 v2.0.0-20161208151619-d5d1b5820637 h1:yiW+nvdHb9LVqSHQBXfZCieqV4fzYhNBql77zY0ykqs=
gopkg.in/tomb.v2 v2.0.0-20161208151619-d5d1b5820637/go.mod h1:BHsqpu/nsuzkT5BpiH1EMZPLyqSMM8JbIavyFACoFNk=
gopkg.in/yaml.v2 v2.4.0 h1:D8xgwECY7CYvx+Y2n4sBz93Jn9JRvxdiyyo8CTfuKaY=
gopkg.in/yaml.v2 v2.4.0/go.mod h1:RDklbk79AGWmwhnvt/jBztapEOGDOx6ZbXqjP6csGnQ=
maze.io/x/crypto v0.0.0-20190131090603-9b94c9afe066 h1:UrD21H1Ue5Nl8f2x/NQJBRdc49YGmla3mRStinH8CCE=
maze.io/x/crypto v0.0.0-20190131090603-9b94c9afe066/go.mod h1:DEvumi+swYmlKxSlnsvPwS15tRjoypCCeJFXswU5FfQ=
